
Microsoft Visual Studio Solution File, Format Version 12.00
# Visual Studio Version 17
VisualStudioVersion = 17.8.34525.116
MinimumVisualStudioVersion = 10.0.40219.1
Project("{FAE04EC0-301F-11D3-BF4B-00C04F79EFBC}") = "PFE_GestionDesTaches2024", "PFE_GestionDesTaches2024.csproj", "{A33298FE-A520-4EFA-A0E0-B3B28BADFD97}"
EndProject
Global
	GlobalSection(SolutionConfigurationPlatforms) = preSolution
		Debug|Any CPU = Debug|Any CPU
		Release|Any CPU = Release|Any CPU
	EndGlobalSection
	GlobalSection(ProjectConfigurationPlatforms) = postSolution
		{A33298FE-A520-4EFA-A0E0-B3B28BADFD97}.Debug|Any CPU.ActiveCfg = Debug|Any CPU
		{A33298FE-A520-4EFA-A0E0-B3B28BADFD97}.Debug|Any CPU.Build.0 = Debug|Any CPU
		{A33298FE-A520-4EFA-A0E0-B3B28BADFD97}.Release|Any CPU.ActiveCfg = Release|Any CPU
		{A33298FE-A520-4EFA-A0E0-B3B28BADFD97}.Release|Any CPU.Build.0 = Release|Any CPU
	EndGlobalSection
	GlobalSection(SolutionProperties) = preSolution
		HideSolutionNode = FALSE
	EndGlobalSection
	GlobalSection(ExtensibilityGlobals) = postSolution
		SolutionGuid = {5AE30617-55C2-4428-A443-DD2382ED00C3}
	EndGlobalSection
EndGlobal
